github.com/AllenDang/giu v0.0.0-20200624042259-fa0e808b10ae h1:BYdKf6sB5uDmvto/WNMvP5YLHemEVknzN5aSZjnGvRQ=
github.com/AllenDang/giu v0.0.0-20200624042259-fa0e808b10ae/go.mod h1:I5APP3KkERnp+ERQVVaGOrUcSrgvt0s2lEh4+ap6SdI=
github.com/AllenDang/giu v0.0.0-20200702083114-6290b4397982 h1:zDLQP30vmmv6w2AS5TAEliRzbWGYRyhLCEx/o4AGhwg=
github.com/AllenDang/giu v0.0.0-20200702083114-6290b4397982/go.mod h1:I5APP3KkERnp+ERQVVaGOrUcSrgvt0s2lEh4+ap6SdI=
github.com/AllenDang/giu v0.0.0-20200705082821-3b7a5f31d98f h1:BIQzYTDG6RggBp4jeXHxo8KeDjxUsJdtOfPTsPbsSnE=
github.com/AllenDang/giu v0.0.0-20200705082821-3b7a5f31d98f/go.mod h1:I5APP3KkERnp+ERQVVaGOrUcSrgvt0s2lEh4+ap6SdI=
github.com/AllenDang/giu v0.0.0-20200709030315-4a692e68f6f3 h1:SO2/2nTlB3ErSxz5qHBEpH4oGdhMb9ZpcTx2uAiZEr0=
github.com/AllenDang/giu v0.0.0-20200709030315-4a692e68f6f3/go.mod h1:I5APP3KkERnp+ERQVVaGOrUcSrgvt0s2lEh4+ap6SdI=
github.com/c-bata/go-prompt v0.2.3/go.mod h1:VzqtzE2ksDBcdln8G7mk2RX9QyGjH+OVqOCSiVIqS34=
github.com/chimera-rpg/go-common v0.0.0-20200630020335-8066864ae980 h1:nRq27cTGr5hpt2qGjQuHOJLhjuOXOZeNAepbxByL4dI=
github.com/chimera-rpg/go-common v0.0.0-20200630020335-8066864ae980/go.mod h1:/FwRKhQznOZpTqwkeKsxXiRD2BJVU5hU5B932mDTQnY=
github.com/chimera-rpg/go-common v0.0.0-20200713092341-17400f3c23bc h1:ie2xDb1X0eeA0Hq2qUhrN7aK2u7KR8miasRY1Zsw4pY=
github.com/chimera-rpg/go-common v0.0.0-20200713092341-17400f3c23bc/go.mod h1:/FwRKhQznOZpTqwkeKsxXiRD2BJVU5hU5B932mDTQnY=
github.com/chimera-rpg/go-server v0.0.0-20200630091741-be45a43df3a2 h1:la0T8/6X2QgsW2YmxmCIlPf7U7GGanRZvxwkkTc1SOo=
github.com/chimera-rpg/go-server v0.0.0-20200630091741-be45a43df3a2/go.mod h1:3OWT+zOEii4NuXSJSf0C40079zIPvrl6jZTUH8dkJp4=
github.com/chimera-rpg/go-server v0.0.0-20200710060336-40b1a06ce676 h1:YYHCDlYDItuZPeLLWkFNdc+6jWSXfqE6vtMDRnAEtNA=
github.com/chimera-rpg/go-server v0.0.0-20200710060336-40b1a06ce676/go.mod h1:3OWT+zOEii4NuXSJSf0C40079zIPvrl6jZTUH8dkJp4=
github.com/chimera-rpg/go-server v0.0.0-20200711010407-de2b109d6f3d h1:vNnpC0leidHUKmygRCajAxk+57lANhvDU07F0zrTyrw=
github.com/chimera-rpg/go-server v0.0.0-20200711010407-de2b109d6f3d/go.mod h1:3OWT+zOEii4NuXSJSf0C40079zIPvrl6jZTUH8dkJp4=
github.com/davecgh/go-spew v1.1.0/go.mod h1:J7Y8YcW2NihsgmVo/mv3lAwl/skON4iLHjSsI+c5H38=
github.com/davecgh/go-spew v1.1.1 h1:vj9j/u1bqnvCEfJOwUhtlOARqs3+rkHYY13jYWTU97c=
github.com/davecgh/go-spew v1.1.1/go.mod h1:J7Y8YcW2NihsgmVo/mv3lAwl/skON4iLHjSsI+c5H38=
github.com/eczarny/lexer v0.0.0-20141213044152-5fcb9a5b73e7/go.mod h1:oAvLpuAW27eYdm/pSDkQaWpcGTd+s8poB/hCRj76rPg=
github.com/fogleman/gg v1.3.0 h1:/7zJX8F6AaYQc57WQCyN9cAIz+4bCJGO9B+dyW29am8=
github.com/fogleman/gg v1.3.0/go.mod h1:R/bRT+9gY/C5z7JzPU0zXsXHKM4/ayA+zqcVNZzPa1k=
github.com/go-gl/gl v0.0.0-20190320180904-bf2b1f2f34d7 h1:SCYMcCJ89LjRGwEa0tRluNRiMjZHalQZrVrvTbPh+qw=
github.com/go-gl/gl v0.0.0-20190320180904-bf2b1f2f34d7/go.mod h1:482civXOzJJCPzJ4ZOX/pwvXBWSnzD4OKMdH4ClKGbk=
github.com/go-gl/glfw/v3.3/glfw v0.0.0-20200420212212-258d9bec320e h1:8ywu4ELC/6owgOZlZx75CyYS5AYwUT2L+hzPModKvag=
github.com/go-gl/glfw/v3.3/glfw v0.0.0-20200420212212-258d9bec320e/go.mod h1:tQ2UAYgL5IevRw8kRxooKSPJfGvJ9fJQFa0TUsXzTg8=
github.com/go-gl/glfw/v3.3/glfw v0.0.0-20200625191551-73d3c3675aa3 h1:q521PfSp5/z6/sD9FZZOWj4d1MLmfQW8PkRnI9M6PCE=
github.com/go-gl/glfw/v3.3/glfw v0.0.0-20200625191551-73d3c3675aa3/go.mod h1:tQ2UAYgL5IevRw8kRxooKSPJfGvJ9fJQFa0TUsXzTg8=
github.com/go-gl/glfw/v3.3/glfw v0.0.0-20200707082815-5321531c36a2 h1:Ac1OEHHkbAZ6EUnJahF0GKcU0FjPc/V8F1DvjhKngFE=
github.com/go-gl/glfw/v3.3/glfw v0.0.0-20200707082815-5321531c36a2/go.mod h1:tQ2UAYgL5IevRw8kRxooKSPJfGvJ9fJQFa0TUsXzTg8=
github.com/go-resty/resty/v2 v2.1.0 h1:Z6IefCpUMfnvItVJaJXWv/pMiiD11So35QgwEELsldE=
github.com/go-resty/resty/v2 v2.1.0/go.mod h1:dZGr0i9PLlaaTD4H/hoZIDjQ+r6xq8mgbRzHZf7f2J8=
github.com/go-resty/resty/v2 v2.3.0 h1:JOOeAvjSlapTT92p8xiS19Zxev1neGikoHsXJeOq8So=
github.com/go-resty/resty/v2 v2.3.0/go.mod h1:UpN9CgLZNsv4e9XG50UU8xdI0F43UQ4HmxLBDwaroHU=
github.com/golang/freetype v0.0.0-20170609003504-e2365dfdc4a0 h1:DACJavvAHhabrF08vX0COfcOBJRhZ8lUbR+ZWIs0Y5g=
github.com/golang/freetype v0.0.0-20170609003504-e2365dfdc4a0/go.mod h1:E/TSTwGwJL78qG/PmXZO1EjYhfJinVAhrmmHX6Z8B9k=
github.com/imdario/mergo v0.3.8 h1:CGgOkSJeqMRmt0D9XLWExdT4m4F1vd3FV3VPt+0VxkQ=
github.com/imdario/mergo v0.3.8/go.mod h1:2EnlNZ0deacrJVfApfmtdGgDfMuh/nq6Ok1EcJh5FfA=
github.com/imdario/mergo v0.3.9 h1:UauaLniWCFHWd+Jp9oCEkTBj8VO/9DKg3PV3VCNMDIg=
github.com/imdario/mergo v0.3.9/go.mod h1:2EnlNZ0deacrJVfApfmtdGgDfMuh/nq6Ok1EcJh5FfA=
github.com/iomodo/a-simple-undo-redo v0.0.0-20190526202240-4528a4a4c014 h1:3arwPaX3PdINUp1hK9ZkmUoovS3ZCxvKaEVTaBN4SJ0=
github.com/iomodo/a-simple-undo-redo v0.0.0-20190526202240-4528a4a4c014/go.mod h1:uf5+z7KskrzCy7pR5+4gqqRFlXMK9HQGomfHOhDzlD4=
github.com/kettek/giu v0.0.0-20200708123911-886ee3df30ac h1:kkLx9K2OBnXFpF3NU+15psiFdrc6qTQ6gtjNAP659IE=
github.com/kettek/giu v0.0.0-20200708123911-886ee3df30ac/go.mod h1:I5APP3KkERnp+ERQVVaGOrUcSrgvt0s2lEh4+ap6SdI=
github.com/kettek/giu v0.0.0-20200714234413-b7948939e7f0 h1:MUz0KWN6gNfwPQCNkwVQzkXqzuRQ0Vd10M0Z6gyDTmg=
github.com/kettek/giu v0.0.0-20200714234413-b7948939e7f0/go.mod h1:I5APP3KkERnp+ERQVVaGOrUcSrgvt0s2lEh4+ap6SdI=
github.com/kettek/giu v0.0.0-20200715064841-7e52a46d95cc h1:vgYIjdhfzVTkQeKUWCEbWZqZ6UI6CW/riueKxQMlSRc=
github.com/kettek/giu v0.0.0-20200715064841-7e52a46d95cc/go.mod h1:I5APP3KkERnp+ERQVVaGOrUcSrgvt0s2lEh4+ap6SdI=
github.com/konsorten/go-windows-terminal-sequences v1.0.3 h1:CE8S1cTafDpPvMhIxNJKvHsGVBgn1xWYf1NbHQhywc8=
github.com/konsorten/go-windows-terminal-sequences v1.0.3/go.mod h1:T0+1ngSBFLxvqU3pZ+m/2kptfBszLMUkC4ZK/EgS/cQ=
github.com/kr/pretty v0.1.0/go.mod h1:dAy3ld7l9f0ibDNOQOHHMYYIIbhfbHSm3C4ZsoJORNo=
github.com/kr/pty v1.1.1/go.mod h1:pFQYn66WHrOpPYNljwOMqo10TkYh1fy3cYio2l3bCsQ=
github.com/kr/text v0.1.0/go.mod h1:4Jbv+DJW3UT/LiOwJeYQe1efqtUx/iVham/4vfdArNI=
github.com/mattn/go-runewidth v0.0.9/go.mod h1:H031xJmbD/WCDINGzjvQ9THkh0rPKHF+m2gUSrubnMI=
github.com/mitchellh/mapstructure v1.1.2/go.mod h1:FVVH3fgwuzCH5S8UJGiWEs2h04kUh9fWfEaFds41c1Y=
github.com/nfnt/resize v0.0.0-20180221191011-83c6a9932646 h1:zYyBkD/k9seD2A7fsi6Oo2LfFZAehjjQMERAvZLEDnQ=
github.com/nfnt/resize v0.0.0-20180221191011-83c6a9932646/go.mod h1:jpp1/29i3P1S/RLdc7JQKbRpFeM1dOBd8T9ki5s+AY8=
github.com/pkg/term v0.0.0-20200520122047-c3ffed290a03/go.mod h1:Z9+Ul5bCbBKnbCvdOWbLqTHhJiYV414CURZJba6L8qA=
github.com/pmezard/go-difflib v1.0.0 h1:4DBwDE0NGyQoBHbLQYPwSUPoCMWR5BEzIk/f1lZbAQM=
github.com/pmezard/go-difflib v1.0.0/go.mod h1:iKH77koFhYxTK1pcRnkKkqfTogsbg7gZNVY4sRDYZ/4=
github.com/sirupsen/logrus v1.6.0 h1:UBcNElsrwanuuMsnGSlYmtmgbb23qDR5dG+6X6Oo89I=
github.com/sirupsen/logrus v1.6.0/go.mod h1:7uNnSEd1DgxDLC74fIahvMZmmYsHGZGEOFrfsX/uA88=
github.com/stretchr/objx v0.1.0/go.mod h1:HFkY916IF+rwdDfMAkV7OtwuqBVzrE8GR6GFx+wExME=
github.com/stretchr/testify v1.2.2/go.mod h1:a8OnRcib4nhh0OaRAV+Yts87kKdq0PP7pXfy6kDkUVs=
github.com/stretchr/testify v1.4.0 h1:2E4SXV/wtOkTonXsotYi4li6zVWxYlZuYNCXe9XRJyk=
github.com/stretchr/testify v1.4.0/go.mod h1:j7eGeouHqKxXV5pUuKE4zz7dFj8WfuZ+81PSLYec5m4=
golang.org/x/crypto v0.0.0-20190308221718-c2843e01d9a2/go.mod h1:djNgcEr1/C05ACkg1iLfiJU5Ep61QUkGW8qpdssI0+w=
golang.org/x/crypto v0.0.0-20190605123033-f99c8df09eb5 h1:58fnuSXlxZmFdJyvtTFVmVhcMLU6v5fEb/ok4wyqtNU=
golang.org/x/crypto v0.0.0-20190605123033-f99c8df09eb5/go.mod h1:yigFU9vqHzYiE8UmvKecakEJjdnWj3jj499lnFckfCI=
golang.org/x/crypto v0.0.0-20200622213623-75b288015ac9 h1:psW17arqaxU48Z5kZ0CQnkZWQJsqcURM6tKiBApRjXI=
golang.org/x/crypto v0.0.0-20200622213623-75b288015ac9/go.mod h1:LzIPMQfyMNhhGPhUkYOs5KpL4U8rLKemX1yGLhDgUto=
golang.org/x/crypto v0.0.0-20200709230013-948cd5f35899 h1:DZhuSZLsGlFL4CmhA8BcRA0mnthyA/nZ00AqCUo7vHg=
golang.org/x/crypto v0.0.0-20200709230013-948cd5f35899/go.mod h1:LzIPMQfyMNhhGPhUkYOs5KpL4U8rLKemX1yGLhDgUto=
golang.org/x/image v0.0.0-20200618115811-c13761719519 h1:1e2ufUJNM3lCHEY5jIgac/7UTjd6cgJNdatjPdFWf34=
golang.org/x/image v0.0.0-20200618115811-c13761719519/go.mod h1:FeLwcggjj3mMvU+oOTbSwawSJRM1uh48EjtB4UJZlP0=
golang.org/x/net v0.0.0-20190404232315-eb5bcb51f2a3/go.mod h1:t9HGtf8HONx5eT2rtn7q6eTqICYqUVnKs3thJo3Qplg=
golang.org/x/net v0.0.0-20190628185345-da137c7871d7 h1:rTIdg5QFRR7XCaK4LCjBiPbx8j4DQRpdYMnGn/bJUEU=
golang.org/x/net v0.0.0-20190628185345-da137c7871d7/go.mod h1:z5CRVTTTmAJ677TzLLGU+0bjPO0LkuOLi4/5GtJWs/s=
golang.org/x/net v0.0.0-20200513185701-a91f0712d120/go.mod h1:qpuaurCH72eLCgpAm/N6yyVIVM9cpaDIP3A8BGJEC5A=
golang.org/x/net v0.0.0-20200625001655-4c5254603344 h1:vGXIOMxbNfDTk/aXCmfdLgkrSV+Z2tcbze+pEc3v5W4=
golang.org/x/net v0.0.0-20200625001655-4c5254603344/go.mod h1:/O7V0waA8r7cgGh81Ro3o1hOxt32SMVPicZroKQ2sZA=
golang.org/x/net v0.0.0-20200707034311-ab3426394381 h1:VXak5I6aEWmAXeQjA+QSZzlgNrpq9mjcfDemuexIKsU=
golang.org/x/net v0.0.0-20200707034311-ab3426394381/go.mod h1:/O7V0waA8r7cgGh81Ro3o1hOxt32SMVPicZroKQ2sZA=
golang.org/x/sys v0.0.0-20190215142949-d0b11bdaac8a/go.mod h1:STP8DvDyc/dI5b8T5hshtkjS+E42TnysNCUPdjciGhY=
golang.org/x/sys v0.0.0-20190412213103-97732733099d/go.mod h1:h1NjWce9XRLGQEsW7wpKNCjG9DtNlClVuFLEZdDNbEs=
golang.org/x/sys v0.0.0-20190422165155-953cdadca894 h1:Cz4ceDQGXuKRnVBDTS23GTn/pU5OE2C0WrNTOYK1Uuc=
golang.org/x/sys v0.0.0-20190422165155-953cdadca894/go.mod h1:h1NjWce9XRLGQEsW7wpKNCjG9DtNlClVuFLEZdDNbEs=
golang.org/x/sys v0.0.0-20200323222414-85ca7c5b95cd h1:xhmwyvizuTgC2qz7ZlMluP20uW+C3Rm0FD/WLDX8884=
golang.org/x/sys v0.0.0-20200323222414-85ca7c5b95cd/go.mod h1:h1NjWce9XRLGQEsW7wpKNCjG9DtNlClVuFLEZdDNbEs=
golang.org/x/sys v0.0.0-20200625212154-ddb9806d33ae h1:Ih9Yo4hSPImZOpfGuA4bR/ORKTAbhZo2AbWNRCnevdo=
golang.org/x/sys v0.0.0-20200625212154-ddb9806d33ae/go.mod h1:h1NjWce9XRLGQEsW7wpKNCjG9DtNlClVuFLEZdDNbEs=
golang.org/x/text v0.3.0/go.mod h1:NqM8EUOU14njkJ3fqMW+pc6Ldnwhi/IjpwHt7yyuwOQ=
gopkg.in/check.v1 v0.0.0-20161208181325-20d25e280405/go.mod h1:Co6ibVJAznAaIkqp8huTwlJQCZ016jof/cbN4VW5Yz0=
gopkg.in/check.v1 v1.0.0-20180628173108-788fd7840127/go.mod h1:Co6ibVJAznAaIkqp8huTwlJQCZ016jof/cbN4VW5Yz0=
gopkg.in/yaml.v2 v2.2.2/go.mod h1:hI93XBmqTisBFMUTm0b8Fm+jr3Dg1NNxqwp+5A1VGuI=
gopkg.in/yaml.v2 v2.2.4/go.mod h1:hI93XBmqTisBFMUTm0b8Fm+jr3Dg1NNxqwp+5A1VGuI=
gopkg.in/yaml.v2 v2.2.7 h1:VUgggvou5XRW9mHwD/yXxIYSMtY0zoKQf/v226p2nyo=
gopkg.in/yaml.v2 v2.2.7/go.mod h1:hI93XBmqTisBFMUTm0b8Fm+jr3Dg1NNxqwp+5A1VGuI=
gopkg.in/yaml.v2 v2.3.0 h1:clyUAQHOM3G0M3f5vQj7LuJrETvjVot3Z5el9nffUtU=
gopkg.in/yaml.v2 v2.3.0/go.mod h1:hI93XBmqTisBFMUTm0b8Fm+jr3Dg1NNxqwp+5A1VGuI=
